// !$*UTF8*$!
{
	archiveVersion = 1;
	classes = {
	};
	objectVersion = 46;
	objects = {

/* Begin PBXBuildFile section */
		5BD7093B1ACA1D230026A53F /* myo.framework in Frameworks */ = {isa = PBXBuildFile; fileRef = 5BD7093A1ACA1D230026A53F /* myo.framework */; };
		5BD709631ACA1F680026A53F /* myo.framework in CopyFiles */ = {isa = PBXBuildFile; fileRef = 5BD7093A1ACA1D230026A53F /* myo.framework */; };
		5BD709671ACA21460026A53F /* main.cpp in Sources */ = {isa = PBXBuildFile; fileRef = 5BD709661ACA21460026A53F /* main.cpp */; };
		5BD7098F1ACA2BD70026A53F /* OscOutboundPacketStream.cpp in Sources */ = {isa = PBXBuildFile; fileRef = 5BD7098B1ACA2BD70026A53F /* OscOutboundPacketStream.cpp */; };
		5BD709901ACA2BD70026A53F /* OscPrintReceivedElements.cpp in Sources */ = {isa = PBXBuildFile; fileRef = 5BD7098C1ACA2BD70026A53F /* OscPrintReceivedElements.cpp */; };
		5BD709911ACA2BD70026A53F /* OscReceivedElements.cpp in Sources */ = {isa = PBXBuildFile; fileRef = 5BD7098D1ACA2BD70026A53F /* OscReceivedElements.cpp */; };
		5BD709921ACA2BD70026A53F /* OscTypes.cpp in Sources */ = {isa = PBXBuildFile; fileRef = 5BD7098E1ACA2BD70026A53F /* OscTypes.cpp */; };
		5BD709971ACA2BE40026A53F /* IpEndpointName.cpp in Sources */ = {isa = PBXBuildFile; fileRef = 5BD709931ACA2BE40026A53F /* IpEndpointName.cpp */; };
		5BD709981ACA2BE40026A53F /* NetworkingUtils.cpp in Sources */ = {isa = PBXBuildFile; fileRef = 5BD709951ACA2BE40026A53F /* NetworkingUtils.cpp */; };
		5BD709991ACA2BE40026A53F /* UdpSocket.cpp in Sources */ = {isa = PBXBuildFile; fileRef = 5BD709961ACA2BE40026A53F /* UdpSocket.cpp */; };
/* End PBXBuildFile section */

/* Begin PBXCopyFilesBuildPhase section */
		5BD708F41ACA1A5A0026A53F /* CopyFiles */ = {
			isa = PBXCopyFilesBuildPhase;
			buildActionMask = 12;
			dstPath = "";
			dstSubfolderSpec = 16;
			files = (
				5BD709631ACA1F680026A53F /* myo.framework in CopyFiles */,
			);
			runOnlyForDeploymentPostprocessing = 0;
		};
/* End PBXCopyFilesBuildPhase section */

/* Begin PBXFileReference section */
		5BD708F61ACA1A5A0026A53F /* selct-myo */ = {isa = PBXFileReference; explicitFileType = "compiled.mach-o.executable"; includeInIndex = 0; path = "selct-myo"; sourceTree = BUILT_PRODUCTS_DIR; };
		5BD7093A1ACA1D230026A53F /* myo.framework */ = {isa = PBXFileReference; lastKnownFileType = wrapper.framework; path = myo.framework; sourceTree = "<group>"; };
		5BD709661ACA21460026A53F /* main.cpp */ = {isa = PBXFileReference; fileEncoding = 4; lastKnownFileType = sourcecode.cpp.cpp; path = main.cpp; sourceTree = "<group>"; };
		5BD7098B1ACA2BD70026A53F /* OscOutboundPacketStream.cpp */ = {isa = PBXFileReference; fileEncoding = 4; lastKnownFileType = sourcecode.cpp.cpp; name = OscOutboundPacketStream.cpp; path = osc/OscOutboundPacketStream.cpp; sourceTree = "<group>"; };
		5BD7098C1ACA2BD70026A53F /* OscPrintReceivedElements.cpp */ = {isa = PBXFileReference; fileEncoding = 4; lastKnownFileType = sourcecode.cpp.cpp; name = OscPrintReceivedElements.cpp; path = osc/OscPrintReceivedElements.cpp; sourceTree = "<group>"; };
		5BD7098D1ACA2BD70026A53F /* OscReceivedElements.cpp */ = {isa = PBXFileReference; fileEncoding = 4; lastKnownFileType = sourcecode.cpp.cpp; name = OscReceivedElements.cpp; path = osc/OscReceivedElements.cpp; sourceTree = "<group>"; };
		5BD7098E1ACA2BD70026A53F /* OscTypes.cpp */ = {isa = PBXFileReference; fileEncoding = 4; lastKnownFileType = sourcecode.cpp.cpp; name = OscTypes.cpp; path = osc/OscTypes.cpp; sourceTree = "<group>"; };
		5BD709931ACA2BE40026A53F /* IpEndpointName.cpp */ = {isa = PBXFileReference; fileEncoding = 4; lastKnownFileType = sourcecode.cpp.cpp; name = IpEndpointName.cpp; path = ip/IpEndpointName.cpp; sourceTree = "<group>"; };
		5BD709951ACA2BE40026A53F /* NetworkingUtils.cpp */ = {isa = PBXFileReference; fileEncoding = 4; lastKnownFileType = sourcecode.cpp.cpp; name = NetworkingUtils.cpp; path = ip/posix/NetworkingUtils.cpp; sourceTree = "<group>"; };
		5BD709961ACA2BE40026A53F /* UdpSocket.cpp */ = {isa = PBXFileReference; fileEncoding = 4; lastKnownFileType = sourcecode.cpp.cpp; name = UdpSocket.cpp; path = ip/posix/UdpSocket.cpp; sourceTree = "<group>"; };
/* End PBXFileReference section */

/* Begin PBXFrameworksBuildPhase section */
		5BD708F31ACA1A5A0026A53F /* Frameworks */ = {
			isa = PBXFrameworksBuildPhase;
			buildActionMask = 2147483647;
			files = (
				5BD7093B1ACA1D230026A53F /* myo.framework in Frameworks */,
			);
			runOnlyForDeploymentPostprocessing = 0;
		};
/* End PBXFrameworksBuildPhase section */

/* Begin PBXGroup section */
		5BD708ED1ACA1A5A0026A53F = {
			isa = PBXGroup;
			children = (
				5BD7099A1ACA2BF10026A53F /* OSCpack */,
				5BD709621ACA1DD40026A53F /* selct-myo */,
				5BD709611ACA1D7A0026A53F /* Frameworks */,
				5BD708F71ACA1A5A0026A53F /* Products */,
			);
			sourceTree = "<group>";
		};
		5BD708F71ACA1A5A0026A53F /* Products */ = {
			isa = PBXGroup;
			children = (
				5BD708F61ACA1A5A0026A53F /* selct-myo */,
			);
			name = Products;
			sourceTree = "<group>";
		};
		5BD709611ACA1D7A0026A53F /* Frameworks */ = {
			isa = PBXGroup;
			children = (
				5BD7093A1ACA1D230026A53F /* myo.framework */,
			);
			name = Frameworks;
			sourceTree = "<group>";
		};
		5BD709621ACA1DD40026A53F /* selct-myo */ = {
			isa = PBXGroup;
			children = (
				5BD709661ACA21460026A53F /* main.cpp */,
			);
			name = "selct-myo";
			sourceTree = "<group>";
		};
		5BD7099A1ACA2BF10026A53F /* OSCpack */ = {
			isa = PBXGroup;
			children = (
				5BD709931ACA2BE40026A53F /* IpEndpointName.cpp */,
				5BD709951ACA2BE40026A53F /* NetworkingUtils.cpp */,
				5BD709961ACA2BE40026A53F /* UdpSocket.cpp */,
				5BD7098B1ACA2BD70026A53F /* OscOutboundPacketStream.cpp */,
				5BD7098C1ACA2BD70026A53F /* OscPrintReceivedElements.cpp */,
				5BD7098D1ACA2BD70026A53F /* OscReceivedElements.cpp */,
				5BD7098E1ACA2BD70026A53F /* OscTypes.cpp */,
			);
			name = OSCpack;
			sourceTree = "<group>";
		};
/* End PBXGroup section */

/* Begin PBXNativeTarget section */
		5BD708F51ACA1A5A0026A53F /* selct-myo */ = {
			isa = PBXNativeTarget;
			buildConfigurationList = 5BD708FD1ACA1A5A0026A53F /* Build configuration list for PBXNativeTarget "selct-myo" */;
			buildPhases = (
				5BD708F21ACA1A5A0026A53F /* Sources */,
				5BD708F31ACA1A5A0026A53F /* Frameworks */,
				5BD708F41ACA1A5A0026A53F /* CopyFiles */,
			);
			buildRules = (
			);
			dependencies = (
			);
			name = "selct-myo";
			productName = "selct-myo";
			productReference = 5BD708F61ACA1A5A0026A53F /* selct-myo */;
			productType = "com.apple.product-type.tool";
		};
/* End PBXNativeTarget section */

/* Begin PBXProject section */
		5BD708EE1ACA1A5A0026A53F /* Project object */ = {
			isa = PBXProject;
			attributes = {
				LastUpgradeCheck = 0610;
				ORGANIZATIONNAME = siwiak;
				TargetAttributes = {
					5BD708F51ACA1A5A0026A53F = {
						CreatedOnToolsVersion = 6.1.1;
					};
				};
			};
			buildConfigurationList = 5BD708F11ACA1A5A0026A53F /* Build configuration list for PBXProject "selct-myo" */;
			compatibilityVersion = "Xcode 3.2";
			developmentRegion = English;
			hasScannedForEncodings = 0;
			knownRegions = (
				en,
			);
			mainGroup = 5BD708ED1ACA1A5A0026A53F;
			productRefGroup = 5BD708F71ACA1A5A0026A53F /* Products */;
			projectDirPath = "";
			projectRoot = "";
			targets = (
				5BD708F51ACA1A5A0026A53F /* selct-myo */,
			);
		};
/* End PBXProject section */

/* Begin PBXSourcesBuildPhase section */
		5BD708F21ACA1A5A0026A53F /* Sources */ = {
			isa = PBXSourcesBuildPhase;
			buildActionMask = 2147483647;
			files = (
				5BD709991ACA2BE40026A53F /* UdpSocket.cpp in Sources */,
				5BD709671ACA21460026A53F /* main.cpp in Sources */,
				5BD709911ACA2BD70026A53F /* OscReceivedElements.cpp in Sources */,
				5BD709921ACA2BD70026A53F /* OscTypes.cpp in Sources */,
				5BD7098F1ACA2BD70026A53F /* OscOutboundPacketStream.cpp in Sources */,
				5BD709971ACA2BE40026A53F /* IpEndpointName.cpp in Sources */,
				5BD709901ACA2BD70026A53F /* OscPrintReceivedElements.cpp in Sources */,
				5BD709981ACA2BE40026A53F /* NetworkingUtils.cpp in Sources */,
			);
			runOnlyForDeploymentPostprocessing = 0;
		};
/* End PBXSourcesBuildPhase section */

/* Begin XCBuildConfiguration section */
		5BD708FB1ACA1A5A0026A53F /* Debug */ = {
			isa = XCBuildConfiguration;
			buildSettings = {
				ALWAYS_SEARCH_USER_PATHS = NO;
				CLANG_CXX_LANGUAGE_STANDARD = "gnu++0x";
				CLANG_CXX_LIBRARY = "libc++";
				CLANG_ENABLE_MODULES = YES;
				CLANG_ENABLE_OBJC_ARC = YES;
				CLANG_WARN_BOOL_CONVERSION = YES;
				CLANG_WARN_CONSTANT_CONVERSION = YES;
				CLANG_WARN_DIRECT_OBJC_ISA_USAGE = YES_ERROR;
				CLANG_WARN_EMPTY_BODY = YES;
				CLANG_WARN_ENUM_CONVERSION = YES;
				CLANG_WARN_INT_CONVERSION = YES;
				CLANG_WARN_OBJC_ROOT_CLASS = YES_ERROR;
				CLANG_WARN_UNREACHABLE_CODE = YES;
				CLANG_WARN__DUPLICATE_METHOD_MATCH = YES;
				COPY_PHASE_STRIP = NO;
				ENABLE_STRICT_OBJC_MSGSEND = YES;
				GCC_C_LANGUAGE_STANDARD = gnu99;
				GCC_DYNAMIC_NO_PIC = NO;
				GCC_OPTIMIZATION_LEVEL = 0;
				GCC_PREPROCESSOR_DEFINITIONS = (
					"DEBUG=1",
					"$(inherited)",
				);
				GCC_SYMBOLS_PRIVATE_EXTERN = NO;
				GCC_WARN_64_TO_32_BIT_CONVERSION = YES;
				GCC_WARN_ABOUT_RETURN_TYPE = YES_ERROR;
				GCC_WARN_UNDECLARED_SELECTOR = YES;
				GCC_WARN_UNINITIALIZED_AUTOS = YES_AGGRESSIVE;
				GCC_WARN_UNUSED_FUNCTION = YES;
				GCC_WARN_UNUSED_VARIABLE = YES;
				HEADER_SEARCH_PATHS = (
					"$(inherited)",
					/Applications/Xcode.app/Contents/Developer/Toolchains/XcodeDefault.xctoolchain/usr/include,
					"$(SRCROOT)",
				);
				MACOSX_DEPLOYMENT_TARGET = 10.9;
				MTL_ENABLE_DEBUG_INFO = YES;
				ONLY_ACTIVE_ARCH = YES;
				SDKROOT = macosx10.9;
			};
			name = Debug;
		};
		5BD708FC1ACA1A5A0026A53F /* Release */ = {
			isa = XCBuildConfiguration;
			buildSettings = {
				ALWAYS_SEARCH_USER_PATHS = NO;
				CLANG_CXX_LANGUAGE_STANDARD = "gnu++0x";
				CLANG_CXX_LIBRARY = "libc++";
				CLANG_ENABLE_MODULES = YES;
				CLANG_ENABLE_OBJC_ARC = YES;
				CLANG_WARN_BOOL_CONVERSION = YES;
				CLANG_WARN_CONSTANT_CONVERSION = YES;
				CLANG_WARN_DIRECT_OBJC_ISA_USAGE = YES_ERROR;
				CLANG_WARN_EMPTY_BODY = YES;
				CLANG_WARN_ENUM_CONVERSION = YES;
				CLANG_WARN_INT_CONVERSION = YES;
				CLANG_WARN_OBJC_ROOT_CLASS = YES_ERROR;
				CLANG_WARN_UNREACHABLE_CODE = YES;
				CLANG_WARN__DUPLICATE_METHOD_MATCH = YES;
				COPY_PHASE_STRIP = YES;
				DEBUG_INFORMATION_FORMAT = "dwarf-with-dsym";
				ENABLE_NS_ASSERTIONS = NO;
				ENABLE_STRICT_OBJC_MSGSEND = YES;
				GCC_C_LANGUAGE_STANDARD = gnu99;
				GCC_WARN_64_TO_32_BIT_CONVERSION = YES;
				GCC_WARN_ABOUT_RETURN_TYPE = YES_ERROR;
				GCC_WARN_UNDECLARED_SELECTOR = YES;
				GCC_WARN_UNINITIALIZED_AUTOS = YES_AGGRESSIVE;
				GCC_WARN_UNUSED_FUNCTION = YES;
				GCC_WARN_UNUSED_VARIABLE = YES;
				HEADER_SEARCH_PATHS = (
					"$(inherited)",
					/Applications/Xcode.app/Contents/Developer/Toolchains/XcodeDefault.xctoolchain/usr/include,
					"$(SRCROOT)",
				);
				MACOSX_DEPLOYMENT_TARGET = 10.9;
				MTL_ENABLE_DEBUG_INFO = NO;
				SDKROOT = macosx10.9;
			};
			name = Release;
		};
		5BD708FE1ACA1A5A0026A53F /* Debug */ = {
			isa = XCBuildConfiguration;
			buildSettings = {
				FRAMEWORK_SEARCH_PATHS = (
					$SOURCE_ROOT/,
					"$(inherited)",
				);
				LD_RUNPATH_SEARCH_PATHS = "@loader_path/";
				PRODUCT_NAME = "$(TARGET_NAME)";
				SDKROOT = macosx10.9;
			};
			name = Debug;
		};
		5BD708FF1ACA1A5A0026A53F /* Release */ = {
			isa = XCBuildConfiguration;
			buildSettings = {
				FRAMEWORK_SEARCH_PATHS = (
					$SOURCE_ROOT/,
					"$(inherited)",
				);
				LD_RUNPATH_SEARCH_PATHS = "@loader_path/";
				PRODUCT_NAME = "$(TARGET_NAME)";
				SDKROOT = macosx10.9;
			};
			name = Release;
		};
/* End XCBuildConfiguration section */

/* Begin XCConfigurationList section */
		5BD708F11ACA1A5A0026A53F /* Build configuration list for PBXProject "selct-myo" */ = {
			isa = XCConfigurationList;
			buildConfigurations = (
				5BD708FB1ACA1A5A0026A53F /* Debug */,
				5BD708FC1ACA1A5A0026A53F /* Release */,
			);
			defaultConfigurationIsVisible = 0;
			defaultConfigurationName = Release;
		};
		5BD708FD1ACA1A5A0026A53F /* Build configuration list for PBXNativeTarget "selct-myo" */ = {
			isa = XCConfigurationList;
			buildConfigurations = (
				5BD708FE1ACA1A5A0026A53F /* Debug */,
				5BD708FF1ACA1A5A0026A53F /* Release */,
			);
			defaultConfigurationIsVisible = 0;
		};
/* End XCConfigurationList section */
	};
	rootObject = 5BD708EE1ACA1A5A0026A53F /* Project object */;
}
